// !$*UTF8*$!
{
	archiveVersion = 1;
	classes = {
	};
	objectVersion = 56;
	objects = {

/* Begin PBXBuildFile section */
		E4D5E1D22BF23A2800EBA3D9 /* AppDelegate.swift in Sources */ = {isa = PBXBuildFile; fileRef = E4D5E1D12BF23A2800EBA3D9 /* AppDelegate.swift */; };
		E4D5E1D42BF23A2800EBA3D9 /* SceneDelegate.swift in Sources */ = {isa = PBXBuildFile; fileRef = E4D5E1D32BF23A2800EBA3D9 /* SceneDelegate.swift */; };
		E4D5E1DB2BF23A2900EBA3D9 /* Assets.xcassets in Resources */ = {isa = PBXBuildFile; fileRef = E4D5E1DA2BF23A2900EBA3D9 /* Assets.xcassets */; };
		E4D5E1DE2BF23A2900EBA3D9 /* LaunchScreen.storyboard in Resources */ = {isa = PBXBuildFile; fileRef = E4D5E1DC2BF23A2900EBA3D9 /* LaunchScreen.storyboard */; };
		E4D5E1E92BF23A2900EBA3D9 /* NewsAPIRepositoryTests.swift in Sources */ = {isa = PBXBuildFile; fileRef = E4D5E1E82BF23A2900EBA3D9 /* NewsAPIRepositoryTests.swift */; };
		E4D5E20C2BF2EA0700EBA3D9 /* NewsRepository.swift in Sources */ = {isa = PBXBuildFile; fileRef = E4D5E20B2BF2EA0700EBA3D9 /* NewsRepository.swift */; };
		E4D5E20E2BF2ECF100EBA3D9 /* Article.swift in Sources */ = {isa = PBXBuildFile; fileRef = E4D5E20D2BF2ECF100EBA3D9 /* Article.swift */; };
		E4D5E2102BF2F15100EBA3D9 /* Language.swift in Sources */ = {isa = PBXBuildFile; fileRef = E4D5E20F2BF2F15100EBA3D9 /* Language.swift */; };
		E4D5E2122BF2F39800EBA3D9 /* NewsAPIRepository.swift in Sources */ = {isa = PBXBuildFile; fileRef = E4D5E2112BF2F39800EBA3D9 /* NewsAPIRepository.swift */; };
		E4D5E2182BF2F68D00EBA3D9 /* NetworkService.swift in Sources */ = {isa = PBXBuildFile; fileRef = E4D5E2172BF2F68D00EBA3D9 /* NetworkService.swift */; };
		E4D5E21C2BF2F9B300EBA3D9 /* APIRequest.swift in Sources */ = {isa = PBXBuildFile; fileRef = E4D5E21B2BF2F9B300EBA3D9 /* APIRequest.swift */; };
		E4D5E21E2BF2F9E300EBA3D9 /* NewsAPIRequest.swift in Sources */ = {isa = PBXBuildFile; fileRef = E4D5E21D2BF2F9E300EBA3D9 /* NewsAPIRequest.swift */; };
		E4D5E2202BF3025000EBA3D9 /* Date.swift in Sources */ = {isa = PBXBuildFile; fileRef = E4D5E21F2BF3025000EBA3D9 /* Date.swift */; };
		E4D5E2252BF30AA200EBA3D9 /* NetworkError.swift in Sources */ = {isa = PBXBuildFile; fileRef = E4D5E2242BF30AA200EBA3D9 /* NetworkError.swift */; };
		E4D5E2272BF3100200EBA3D9 /* NewsAPIResponse.swift in Sources */ = {isa = PBXBuildFile; fileRef = E4D5E2262BF3100200EBA3D9 /* NewsAPIResponse.swift */; };
		E4D5E2582BF4220E00EBA3D9 /* Country.swift in Sources */ = {isa = PBXBuildFile; fileRef = E4D5E2572BF4220E00EBA3D9 /* Country.swift */; };
		E4D5E25A2BF4457A00EBA3D9 /* UIColor.swift in Sources */ = {isa = PBXBuildFile; fileRef = E4D5E2592BF4457A00EBA3D9 /* UIColor.swift */; };
		E4D5E25C2BF445A300EBA3D9 /* UISearchBar.swift in Sources */ = {isa = PBXBuildFile; fileRef = E4D5E25B2BF445A300EBA3D9 /* UISearchBar.swift */; };
		E4D5E25E2BF445C700EBA3D9 /* BaseView.swift in Sources */ = {isa = PBXBuildFile; fileRef = E4D5E25D2BF445C700EBA3D9 /* BaseView.swift */; };
		E4D5E2612BF4488000EBA3D9 /* NewsCollectionViewController.swift in Sources */ = {isa = PBXBuildFile; fileRef = E4D5E2602BF4488000EBA3D9 /* NewsCollectionViewController.swift */; };
		E4D5E2632BF4495100EBA3D9 /* NewsCollectionHeaderView.swift in Sources */ = {isa = PBXBuildFile; fileRef = E4D5E2622BF4495100EBA3D9 /* NewsCollectionHeaderView.swift */; };
		E4D5E2652BF449BB00EBA3D9 /* NewsCollectionSmallCellView.swift in Sources */ = {isa = PBXBuildFile; fileRef = E4D5E2642BF449BB00EBA3D9 /* NewsCollectionSmallCellView.swift */; };
		E4D5E2692BF44A7B00EBA3D9 /* Jost.ttf in Resources */ = {isa = PBXBuildFile; fileRef = E4D5E2672BF44A7B00EBA3D9 /* Jost.ttf */; };
		E4D5E26A2BF44A7B00EBA3D9 /* JostItalic.ttf in Resources */ = {isa = PBXBuildFile; fileRef = E4D5E2682BF44A7B00EBA3D9 /* JostItalic.ttf */; };
		E4D5E26D2BF4530300EBA3D9 /* NewsCollectionInteractor.swift in Sources */ = {isa = PBXBuildFile; fileRef = E4D5E26C2BF4530300EBA3D9 /* NewsCollectionInteractor.swift */; };
		E4D5E26F2BF457CC00EBA3D9 /* NewsCollectionFetchWorker.swift in Sources */ = {isa = PBXBuildFile; fileRef = E4D5E26E2BF457CC00EBA3D9 /* NewsCollectionFetchWorker.swift */; };
		E4D5E2712BF45FDE00EBA3D9 /* NewsCollectionPresenter.swift in Sources */ = {isa = PBXBuildFile; fileRef = E4D5E2702BF45FDE00EBA3D9 /* NewsCollectionPresenter.swift */; };
		E4D5E2742BF4662600EBA3D9 /* NewsCollectionRouter.swift in Sources */ = {isa = PBXBuildFile; fileRef = E4D5E2732BF4662600EBA3D9 /* NewsCollectionRouter.swift */; };
		E4D5E2762BF466FB00EBA3D9 /* NewsCollectionFactory.swift in Sources */ = {isa = PBXBuildFile; fileRef = E4D5E2752BF466FB00EBA3D9 /* NewsCollectionFactory.swift */; };
		E4D5E2782BF476C600EBA3D9 /* GradientAlphaView.swift in Sources */ = {isa = PBXBuildFile; fileRef = E4D5E2772BF476C600EBA3D9 /* GradientAlphaView.swift */; };
		E4D5E27A2BF4D3FC00EBA3D9 /* NewsCollectionView.swift in Sources */ = {isa = PBXBuildFile; fileRef = E4D5E2792BF4D3FC00EBA3D9 /* NewsCollectionView.swift */; };
		E4D5E27C2BF5359A00EBA3D9 /* NewsCollectionBigCellView.swift in Sources */ = {isa = PBXBuildFile; fileRef = E4D5E27B2BF5359A00EBA3D9 /* NewsCollectionBigCellView.swift */; };
		E4D5E27E2BF544AB00EBA3D9 /* ArticleImage.swift in Sources */ = {isa = PBXBuildFile; fileRef = E4D5E27D2BF544AB00EBA3D9 /* ArticleImage.swift */; };
		E4D5E2802BF5516B00EBA3D9 /* ArticleDetailsViewController.swift in Sources */ = {isa = PBXBuildFile; fileRef = E4D5E27F2BF5516B00EBA3D9 /* ArticleDetailsViewController.swift */; };
		E4D5E2832BF551DE00EBA3D9 /* ArticleDetailsView.swift in Sources */ = {isa = PBXBuildFile; fileRef = E4D5E2822BF551DE00EBA3D9 /* ArticleDetailsView.swift */; };
		E4D5E2852BF559D700EBA3D9 /* ArticleDetailsFactory.swift in Sources */ = {isa = PBXBuildFile; fileRef = E4D5E2842BF559D700EBA3D9 /* ArticleDetailsFactory.swift */; };
/* End PBXBuildFile section */

/* Begin PBXContainerItemProxy section */
		E4D5E1E52BF23A2900EBA3D9 /* PBXContainerItemProxy */ = {
			isa = PBXContainerItemProxy;
			containerPortal = E4D5E1C62BF23A2800EBA3D9 /* Project object */;
			proxyType = 1;
			remoteGlobalIDString = E4D5E1CD2BF23A2800EBA3D9;
			remoteInfo = NewsApp;
		};
/* End PBXContainerItemProxy section */

/* Begin PBXFileReference section */
		E4D5E1CE2BF23A2800EBA3D9 /* NewsApp.app */ = {isa = PBXFileReference; explicitFileType = wrapper.application; includeInIndex = 0; path = NewsApp.app; sourceTree = BUILT_PRODUCTS_DIR; };
		E4D5E1D12BF23A2800EBA3D9 /* AppDelegate.swift */ = {isa = PBXFileReference; lastKnownFileType = sourcecode.swift; path = AppDelegate.swift; sourceTree = "<group>"; };
		E4D5E1D32BF23A2800EBA3D9 /* SceneDelegate.swift */ = {isa = PBXFileReference; lastKnownFileType = sourcecode.swift; path = SceneDelegate.swift; sourceTree = "<group>"; };
		E4D5E1DA2BF23A2900EBA3D9 /* Assets.xcassets */ = {isa = PBXFileReference; lastKnownFileType = folder.assetcatalog; path = Assets.xcassets; sourceTree = "<group>"; };
		E4D5E1DD2BF23A2900EBA3D9 /* Base */ = {isa = PBXFileReference; lastKnownFileType = file.storyboard; name = Base; path = Base.lproj/LaunchScreen.storyboard; sourceTree = "<group>"; };
		E4D5E1DF2BF23A2900EBA3D9 /* Info.plist */ = {isa = PBXFileReference; lastKnownFileType = text.plist.xml; path = Info.plist; sourceTree = "<group>"; };
		E4D5E1E42BF23A2900EBA3D9 /* NewsAppTests.xctest */ = {isa = PBXFileReference; explicitFileType = wrapper.cfbundle; includeInIndex = 0; path = NewsAppTests.xctest; sourceTree = BUILT_PRODUCTS_DIR; };
		E4D5E1E82BF23A2900EBA3D9 /* NewsAPIRepositoryTests.swift */ = {isa = PBXFileReference; lastKnownFileType = sourcecode.swift; path = NewsAPIRepositoryTests.swift; sourceTree = "<group>"; };
		E4D5E20B2BF2EA0700EBA3D9 /* NewsRepository.swift */ = {isa = PBXFileReference; lastKnownFileType = sourcecode.swift; path = NewsRepository.swift; sourceTree = "<group>"; };
		E4D5E20D2BF2ECF100EBA3D9 /* Article.swift */ = {isa = PBXFileReference; lastKnownFileType = sourcecode.swift; path = Article.swift; sourceTree = "<group>"; };
		E4D5E20F2BF2F15100EBA3D9 /* Language.swift */ = {isa = PBXFileReference; lastKnownFileType = sourcecode.swift; path = Language.swift; sourceTree = "<group>"; };
		E4D5E2112BF2F39800EBA3D9 /* NewsAPIRepository.swift */ = {isa = PBXFileReference; lastKnownFileType = sourcecode.swift; path = NewsAPIRepository.swift; sourceTree = "<group>"; };
		E4D5E2172BF2F68D00EBA3D9 /* NetworkService.swift */ = {isa = PBXFileReference; lastKnownFileType = sourcecode.swift; path = NetworkService.swift; sourceTree = "<group>"; };
		E4D5E21B2BF2F9B300EBA3D9 /* APIRequest.swift */ = {isa = PBXFileReference; lastKnownFileType = sourcecode.swift; path = APIRequest.swift; sourceTree = "<group>"; };
		E4D5E21D2BF2F9E300EBA3D9 /* NewsAPIRequest.swift */ = {isa = PBXFileReference; lastKnownFileType = sourcecode.swift; path = NewsAPIRequest.swift; sourceTree = "<group>"; };
		E4D5E21F2BF3025000EBA3D9 /* Date.swift */ = {isa = PBXFileReference; lastKnownFileType = sourcecode.swift; path = Date.swift; sourceTree = "<group>"; };
		E4D5E2242BF30AA200EBA3D9 /* NetworkError.swift */ = {isa = PBXFileReference; lastKnownFileType = sourcecode.swift; path = NetworkError.swift; sourceTree = "<group>"; };
		E4D5E2262BF3100200EBA3D9 /* NewsAPIResponse.swift */ = {isa = PBXFileReference; lastKnownFileType = sourcecode.swift; path = NewsAPIResponse.swift; sourceTree = "<group>"; };
		E4D5E2572BF4220E00EBA3D9 /* Country.swift */ = {isa = PBXFileReference; lastKnownFileType = sourcecode.swift; path = Country.swift; sourceTree = "<group>"; };
		E4D5E2592BF4457A00EBA3D9 /* UIColor.swift */ = {isa = PBXFileReference; lastKnownFileType = sourcecode.swift; path = UIColor.swift; sourceTree = "<group>"; };
		E4D5E25B2BF445A300EBA3D9 /* UISearchBar.swift */ = {isa = PBXFileReference; lastKnownFileType = sourcecode.swift; path = UISearchBar.swift; sourceTree = "<group>"; };
		E4D5E25D2BF445C700EBA3D9 /* BaseView.swift */ = {isa = PBXFileReference; lastKnownFileType = sourcecode.swift; path = BaseView.swift; sourceTree = "<group>"; };
		E4D5E2602BF4488000EBA3D9 /* NewsCollectionViewController.swift */ = {isa = PBXFileReference; lastKnownFileType = sourcecode.swift; path = NewsCollectionViewController.swift; sourceTree = "<group>"; };
		E4D5E2622BF4495100EBA3D9 /* NewsCollectionHeaderView.swift */ = {isa = PBXFileReference; lastKnownFileType = sourcecode.swift; path = NewsCollectionHeaderView.swift; sourceTree = "<group>"; };
		E4D5E2642BF449BB00EBA3D9 /* NewsCollectionSmallCellView.swift */ = {isa = PBXFileReference; lastKnownFileType = sourcecode.swift; path = NewsCollectionSmallCellView.swift; sourceTree = "<group>"; };
		E4D5E2672BF44A7B00EBA3D9 /* Jost.ttf */ = {isa = PBXFileReference; lastKnownFileType = file; path = Jost.ttf; sourceTree = "<group>"; };
		E4D5E2682BF44A7B00EBA3D9 /* JostItalic.ttf */ = {isa = PBXFileReference; lastKnownFileType = file; path = JostItalic.ttf; sourceTree = "<group>"; };
		E4D5E26C2BF4530300EBA3D9 /* NewsCollectionInteractor.swift */ = {isa = PBXFileReference; lastKnownFileType = sourcecode.swift; path = NewsCollectionInteractor.swift; sourceTree = "<group>"; };
		E4D5E26E2BF457CC00EBA3D9 /* NewsCollectionFetchWorker.swift */ = {isa = PBXFileReference; lastKnownFileType = sourcecode.swift; path = NewsCollectionFetchWorker.swift; sourceTree = "<group>"; };
		E4D5E2702BF45FDE00EBA3D9 /* NewsCollectionPresenter.swift */ = {isa = PBXFileReference; lastKnownFileType = sourcecode.swift; path = NewsCollectionPresenter.swift; sourceTree = "<group>"; };
		E4D5E2732BF4662600EBA3D9 /* NewsCollectionRouter.swift */ = {isa = PBXFileReference; lastKnownFileType = sourcecode.swift; path = NewsCollectionRouter.swift; sourceTree = "<group>"; };
		E4D5E2752BF466FB00EBA3D9 /* NewsCollectionFactory.swift */ = {isa = PBXFileReference; lastKnownFileType = sourcecode.swift; path = NewsCollectionFactory.swift; sourceTree = "<group>"; };
		E4D5E2772BF476C600EBA3D9 /* GradientAlphaView.swift */ = {isa = PBXFileReference; lastKnownFileType = sourcecode.swift; path = GradientAlphaView.swift; sourceTree = "<group>"; };
		E4D5E2792BF4D3FC00EBA3D9 /* NewsCollectionView.swift */ = {isa = PBXFileReference; lastKnownFileType = sourcecode.swift; path = NewsCollectionView.swift; sourceTree = "<group>"; };
		E4D5E27B2BF5359A00EBA3D9 /* NewsCollectionBigCellView.swift */ = {isa = PBXFileReference; lastKnownFileType = sourcecode.swift; path = NewsCollectionBigCellView.swift; sourceTree = "<group>"; };
		E4D5E27D2BF544AB00EBA3D9 /* ArticleImage.swift */ = {isa = PBXFileReference; lastKnownFileType = sourcecode.swift; path = ArticleImage.swift; sourceTree = "<group>"; };
		E4D5E27F2BF5516B00EBA3D9 /* ArticleDetailsViewController.swift */ = {isa = PBXFileReference; lastKnownFileType = sourcecode.swift; path = ArticleDetailsViewController.swift; sourceTree = "<group>"; };
		E4D5E2822BF551DE00EBA3D9 /* ArticleDetailsView.swift */ = {isa = PBXFileReference; lastKnownFileType = sourcecode.swift; path = ArticleDetailsView.swift; sourceTree = "<group>"; };
		E4D5E2842BF559D700EBA3D9 /* ArticleDetailsFactory.swift */ = {isa = PBXFileReference; lastKnownFileType = sourcecode.swift; path = ArticleDetailsFactory.swift; sourceTree = "<group>"; };
/* End PBXFileReference section */

/* Begin PBXFrameworksBuildPhase section */
		E4D5E1CB2BF23A2800EBA3D9 /* Frameworks */ = {
			isa = PBXFrameworksBuildPhase;
			buildActionMask = 2147483647;
			files = (
			);
			runOnlyForDeploymentPostprocessing = 0;
		};
		E4D5E1E12BF23A2900EBA3D9 /* Frameworks */ = {
			isa = PBXFrameworksBuildPhase;
			buildActionMask = 2147483647;
			files = (
			);
			runOnlyForDeploymentPostprocessing = 0;
		};
/* End PBXFrameworksBuildPhase section */

/* Begin PBXGroup section */
		E4D5E1C52BF23A2800EBA3D9 = {
			isa = PBXGroup;
			children = (
				E4D5E1D02BF23A2800EBA3D9 /* NewsApp */,
				E4D5E1E72BF23A2900EBA3D9 /* NewsAppTests */,
				E4D5E1CF2BF23A2800EBA3D9 /* Products */,
			);
			sourceTree = "<group>";
		};
		E4D5E1CF2BF23A2800EBA3D9 /* Products */ = {
			isa = PBXGroup;
			children = (
				E4D5E1CE2BF23A2800EBA3D9 /* NewsApp.app */,
				E4D5E1E42BF23A2900EBA3D9 /* NewsAppTests.xctest */,
			);
			name = Products;
			sourceTree = "<group>";
		};
		E4D5E1D02BF23A2800EBA3D9 /* NewsApp */ = {
			isa = PBXGroup;
			children = (
				E4D5E2032BF2D14000EBA3D9 /* Application */,
				E4D5E2042BF2D1B400EBA3D9 /* Model */,
				E4D5E20A2BF2D78400EBA3D9 /* Factory */,
				E4D5E2052BF2D1C700EBA3D9 /* Scene */,
				E4D5E2062BF2D1F100EBA3D9 /* Repository */,
				E4D5E2072BF2D31F00EBA3D9 /* Shared */,
			);
			path = NewsApp;
			sourceTree = "<group>";
		};
		E4D5E1E72BF23A2900EBA3D9 /* NewsAppTests */ = {
			isa = PBXGroup;
			children = (
				E4D5E1E82BF23A2900EBA3D9 /* NewsAPIRepositoryTests.swift */,
			);
			path = NewsAppTests;
			sourceTree = "<group>";
		};
		E4D5E2032BF2D14000EBA3D9 /* Application */ = {
			isa = PBXGroup;
			children = (
				E4D5E1D12BF23A2800EBA3D9 /* AppDelegate.swift */,
				E4D5E1D32BF23A2800EBA3D9 /* SceneDelegate.swift */,
				E4D5E1DF2BF23A2900EBA3D9 /* Info.plist */,
			);
			path = Application;
			sourceTree = "<group>";
		};
		E4D5E2042BF2D1B400EBA3D9 /* Model */ = {
			isa = PBXGroup;
			children = (
				E4D5E20D2BF2ECF100EBA3D9 /* Article.swift */,
				E4D5E27D2BF544AB00EBA3D9 /* ArticleImage.swift */,
				E4D5E20F2BF2F15100EBA3D9 /* Language.swift */,
				E4D5E2572BF4220E00EBA3D9 /* Country.swift */,
			);
			path = Model;
			sourceTree = "<group>";
		};
		E4D5E2052BF2D1C700EBA3D9 /* Scene */ = {
			isa = PBXGroup;
			children = (
				E4D5E2812BF5517400EBA3D9 /* ArticleDetails */,
				E4D5E25F2BF447EB00EBA3D9 /* NewsCollection */,
			);
			path = Scene;
			sourceTree = "<group>";
		};
		E4D5E2062BF2D1F100EBA3D9 /* Repository */ = {
			isa = PBXGroup;
			children = (
				E4D5E2212BF309C600EBA3D9 /* Network */,
				E4D5E20B2BF2EA0700EBA3D9 /* NewsRepository.swift */,
				E4D5E2112BF2F39800EBA3D9 /* NewsAPIRepository.swift */,
			);
			path = Repository;
			sourceTree = "<group>";
		};
		E4D5E2072BF2D31F00EBA3D9 /* Shared */ = {
			isa = PBXGroup;
			children = (
				E4D5E2662BF44A6300EBA3D9 /* Font */,
				E4D5E2092BF2D4E800EBA3D9 /* View */,
				E4D5E2082BF2D4E300EBA3D9 /* Extension */,
				E4D5E1DC2BF23A2900EBA3D9 /* LaunchScreen.storyboard */,
				E4D5E1DA2BF23A2900EBA3D9 /* Assets.xcassets */,
			);
			path = Shared;
			sourceTree = "<group>";
		};
		E4D5E2082BF2D4E300EBA3D9 /* Extension */ = {
			isa = PBXGroup;
			children = (
				E4D5E21F2BF3025000EBA3D9 /* Date.swift */,
				E4D5E2592BF4457A00EBA3D9 /* UIColor.swift */,
				E4D5E25B2BF445A300EBA3D9 /* UISearchBar.swift */,
			);
			path = Extension;
			sourceTree = "<group>";
		};
		E4D5E2092BF2D4E800EBA3D9 /* View */ = {
			isa = PBXGroup;
			children = (
				E4D5E2772BF476C600EBA3D9 /* GradientAlphaView.swift */,
				E4D5E25D2BF445C700EBA3D9 /* BaseView.swift */,
			);
			path = View;
			sourceTree = "<group>";
		};
		E4D5E20A2BF2D78400EBA3D9 /* Factory */ = {
			isa = PBXGroup;
			children = (
				E4D5E2752BF466FB00EBA3D9 /* NewsCollectionFactory.swift */,
				E4D5E2842BF559D700EBA3D9 /* ArticleDetailsFactory.swift */,
			);
			path = Factory;
			sourceTree = "<group>";
		};
		E4D5E2212BF309C600EBA3D9 /* Network */ = {
			isa = PBXGroup;
			children = (
				E4D5E2172BF2F68D00EBA3D9 /* NetworkService.swift */,
				E4D5E2232BF30A8C00EBA3D9 /* Model */,
				E4D5E2222BF309DF00EBA3D9 /* APIRequest */,
			);
			path = Network;
			sourceTree = "<group>";
		};
		E4D5E2222BF309DF00EBA3D9 /* APIRequest */ = {
			isa = PBXGroup;
			children = (
				E4D5E21B2BF2F9B300EBA3D9 /* APIRequest.swift */,
				E4D5E21D2BF2F9E300EBA3D9 /* NewsAPIRequest.swift */,
			);
			path = APIRequest;
			sourceTree = "<group>";
		};
		E4D5E2232BF30A8C00EBA3D9 /* Model */ = {
			isa = PBXGroup;
			children = (
				E4D5E2242BF30AA200EBA3D9 /* NetworkError.swift */,
				E4D5E2262BF3100200EBA3D9 /* NewsAPIResponse.swift */,
			);
			path = Model;
			sourceTree = "<group>";
		};
		E4D5E25F2BF447EB00EBA3D9 /* NewsCollection */ = {
			isa = PBXGroup;
			children = (
				E4D5E2722BF45FEE00EBA3D9 /* Worker */,
				E4D5E26B2BF452BD00EBA3D9 /* View */,
				E4D5E2602BF4488000EBA3D9 /* NewsCollectionViewController.swift */,
				E4D5E2732BF4662600EBA3D9 /* NewsCollectionRouter.swift */,
				E4D5E26C2BF4530300EBA3D9 /* NewsCollectionInteractor.swift */,
				E4D5E2702BF45FDE00EBA3D9 /* NewsCollectionPresenter.swift */,
			);
			path = NewsCollection;
			sourceTree = "<group>";
		};
		E4D5E2662BF44A6300EBA3D9 /* Font */ = {
			isa = PBXGroup;
			children = (
				E4D5E2672BF44A7B00EBA3D9 /* Jost.ttf */,
				E4D5E2682BF44A7B00EBA3D9 /* JostItalic.ttf */,
			);
			path = Font;
			sourceTree = "<group>";
		};
		E4D5E26B2BF452BD00EBA3D9 /* View */ = {
			isa = PBXGroup;
			children = (
				E4D5E2622BF4495100EBA3D9 /* NewsCollectionHeaderView.swift */,
				E4D5E2642BF449BB00EBA3D9 /* NewsCollectionSmallCellView.swift */,
				E4D5E27B2BF5359A00EBA3D9 /* NewsCollectionBigCellView.swift */,
				E4D5E2792BF4D3FC00EBA3D9 /* NewsCollectionView.swift */,
			);
			path = View;
			sourceTree = "<group>";
		};
		E4D5E2722BF45FEE00EBA3D9 /* Worker */ = {
			isa = PBXGroup;
			children = (
				E4D5E26E2BF457CC00EBA3D9 /* NewsCollectionFetchWorker.swift */,
			);
			path = Worker;
			sourceTree = "<group>";
		};
		E4D5E2812BF5517400EBA3D9 /* ArticleDetails */ = {
			isa = PBXGroup;
			children = (
				E4D5E27F2BF5516B00EBA3D9 /* ArticleDetailsViewController.swift */,
				E4D5E2822BF551DE00EBA3D9 /* ArticleDetailsView.swift */,
			);
			path = ArticleDetails;
			sourceTree = "<group>";
		};
/* End PBXGroup section */

/* Begin PBXNativeTarget section */
		E4D5E1CD2BF23A2800EBA3D9 /* NewsApp */ = {
			isa = PBXNativeTarget;
			buildConfigurationList = E4D5E1F82BF23A2900EBA3D9 /* Build configuration list for PBXNativeTarget "NewsApp" */;
			buildPhases = (
				E4D5E1CA2BF23A2800EBA3D9 /* Sources */,
				E4D5E1CB2BF23A2800EBA3D9 /* Frameworks */,
				E4D5E1CC2BF23A2800EBA3D9 /* Resources */,
				E4D5E2012BF23D6600EBA3D9 /* ShellScript */,
			);
			buildRules = (
			);
			dependencies = (
			);
			name = NewsApp;
			productName = NewsApp;
			productReference = E4D5E1CE2BF23A2800EBA3D9 /* NewsApp.app */;
			productType = "com.apple.product-type.application";
		};
		E4D5E1E32BF23A2900EBA3D9 /* NewsAppTests */ = {
			isa = PBXNativeTarget;
			buildConfigurationList = E4D5E1FB2BF23A2900EBA3D9 /* Build configuration list for PBXNativeTarget "NewsAppTests" */;
			buildPhases = (
				E4D5E1E02BF23A2900EBA3D9 /* Sources */,
				E4D5E1E12BF23A2900EBA3D9 /* Frameworks */,
				E4D5E1E22BF23A2900EBA3D9 /* Resources */,
			);
			buildRules = (
			);
			dependencies = (
				E4D5E1E62BF23A2900EBA3D9 /* PBXTargetDependency */,
			);
			name = NewsAppTests;
			productName = NewsAppTests;
			productReference = E4D5E1E42BF23A2900EBA3D9 /* NewsAppTests.xctest */;
			productType = "com.apple.product-type.bundle.unit-test";
		};
/* End PBXNativeTarget section */

/* Begin PBXProject section */
		E4D5E1C62BF23A2800EBA3D9 /* Project object */ = {
			isa = PBXProject;
			attributes = {
				BuildIndependentTargetsInParallel = 1;
				LastSwiftUpdateCheck = 1430;
				LastUpgradeCheck = 1430;
				TargetAttributes = {
					E4D5E1CD2BF23A2800EBA3D9 = {
						CreatedOnToolsVersion = 14.3.1;
					};
					E4D5E1E32BF23A2900EBA3D9 = {
						CreatedOnToolsVersion = 14.3.1;
						TestTargetID = E4D5E1CD2BF23A2800EBA3D9;
					};
				};
			};
			buildConfigurationList = E4D5E1C92BF23A2800EBA3D9 /* Build configuration list for PBXProject "NewsApp" */;
			compatibilityVersion = "Xcode 14.0";
			developmentRegion = en;
			hasScannedForEncodings = 0;
			knownRegions = (
				en,
				Base,
			);
			mainGroup = E4D5E1C52BF23A2800EBA3D9;
			productRefGroup = E4D5E1CF2BF23A2800EBA3D9 /* Products */;
			projectDirPath = "";
			projectRoot = "";
			targets = (
				E4D5E1CD2BF23A2800EBA3D9 /* NewsApp */,
				E4D5E1E32BF23A2900EBA3D9 /* NewsAppTests */,
			);
		};
/* End PBXProject section */

/* Begin PBXResourcesBuildPhase section */
		E4D5E1CC2BF23A2800EBA3D9 /* Resources */ = {
			isa = PBXResourcesBuildPhase;
			buildActionMask = 2147483647;
			files = (
				E4D5E26A2BF44A7B00EBA3D9 /* JostItalic.ttf in Resources */,
				E4D5E2692BF44A7B00EBA3D9 /* Jost.ttf in Resources */,
				E4D5E1DE2BF23A2900EBA3D9 /* LaunchScreen.storyboard in Resources */,
				E4D5E1DB2BF23A2900EBA3D9 /* Assets.xcassets in Resources */,
			);
			runOnlyForDeploymentPostprocessing = 0;
		};
		E4D5E1E22BF23A2900EBA3D9 /* Resources */ = {
			isa = PBXResourcesBuildPhase;
			buildActionMask = 2147483647;
			files = (
			);
			runOnlyForDeploymentPostprocessing = 0;
		};
/* End PBXResourcesBuildPhase section */

/* Begin PBXShellScriptBuildPhase section */
		E4D5E2012BF23D6600EBA3D9 /* ShellScript */ = {
			isa = PBXShellScriptBuildPhase;
			alwaysOutOfDate = 1;
			buildActionMask = 12;
			files = (
			);
			inputFileListPaths = (
			);
			inputPaths = (
			);
			outputFileListPaths = (
			);
			outputPaths = (
			);
			runOnlyForDeploymentPostprocessing = 0;
			shellPath = /bin/sh;
			shellScript = "if [[ \"$(uname -m)\" == arm64 ]]; then\n    export PATH=\"/opt/homebrew/bin:$PATH\"\nfi\n\nif which swiftlint > /dev/null; then\n  swiftlint\nelse\n  echo \"warning: SwiftLint not installed, download from https://github.com/realm/SwiftLint\"\nfi\n";
		};
/* End PBXShellScriptBuildPhase section */

/* Begin PBXSourcesBuildPhase section */
		E4D5E1CA2BF23A2800EBA3D9 /* Sources */ = {
			isa = PBXSourcesBuildPhase;
			buildActionMask = 2147483647;
			files = (
				E4D5E2582BF4220E00EBA3D9 /* Country.swift in Sources */,
				E4D5E20E2BF2ECF100EBA3D9 /* Article.swift in Sources */,
				E4D5E2832BF551DE00EBA3D9 /* ArticleDetailsView.swift in Sources */,
				E4D5E2852BF559D700EBA3D9 /* ArticleDetailsFactory.swift in Sources */,
				E4D5E27C2BF5359A00EBA3D9 /* NewsCollectionBigCellView.swift in Sources */,
				E4D5E2122BF2F39800EBA3D9 /* NewsAPIRepository.swift in Sources */,
				E4D5E25E2BF445C700EBA3D9 /* BaseView.swift in Sources */,
				E4D5E2802BF5516B00EBA3D9 /* ArticleDetailsViewController.swift in Sources */,
				E4D5E21E2BF2F9E300EBA3D9 /* NewsAPIRequest.swift in Sources */,
				E4D5E26F2BF457CC00EBA3D9 /* NewsCollectionFetchWorker.swift in Sources */,
				E4D5E25A2BF4457A00EBA3D9 /* UIColor.swift in Sources */,
				E4D5E27A2BF4D3FC00EBA3D9 /* NewsCollectionView.swift in Sources */,
				E4D5E25C2BF445A300EBA3D9 /* UISearchBar.swift in Sources */,
				E4D5E20C2BF2EA0700EBA3D9 /* NewsRepository.swift in Sources */,
				E4D5E21C2BF2F9B300EBA3D9 /* APIRequest.swift in Sources */,
				E4D5E2202BF3025000EBA3D9 /* Date.swift in Sources */,
				E4D5E2712BF45FDE00EBA3D9 /* NewsCollectionPresenter.swift in Sources */,
				E4D5E2102BF2F15100EBA3D9 /* Language.swift in Sources */,
				E4D5E2182BF2F68D00EBA3D9 /* NetworkService.swift in Sources */,
				E4D5E2252BF30AA200EBA3D9 /* NetworkError.swift in Sources */,
				E4D5E2762BF466FB00EBA3D9 /* NewsCollectionFactory.swift in Sources */,
				E4D5E26D2BF4530300EBA3D9 /* NewsCollectionInteractor.swift in Sources */,
				E4D5E2652BF449BB00EBA3D9 /* NewsCollectionSmallCellView.swift in Sources */,
				E4D5E27E2BF544AB00EBA3D9 /* ArticleImage.swift in Sources */,
				E4D5E2632BF4495100EBA3D9 /* NewsCollectionHeaderView.swift in Sources */,
				E4D5E2782BF476C600EBA3D9 /* GradientAlphaView.swift in Sources */,
				E4D5E2272BF3100200EBA3D9 /* NewsAPIResponse.swift in Sources */,
				E4D5E2612BF4488000EBA3D9 /* NewsCollectionViewController.swift in Sources */,
				E4D5E1D22BF23A2800EBA3D9 /* AppDelegate.swift in Sources */,
				E4D5E2742BF4662600EBA3D9 /* NewsCollectionRouter.swift in Sources */,
				E4D5E1D42BF23A2800EBA3D9 /* SceneDelegate.swift in Sources */,
			);
			runOnlyForDeploymentPostprocessing = 0;
		};
		E4D5E1E02BF23A2900EBA3D9 /* Sources */ = {
			isa = PBXSourcesBuildPhase;
			buildActionMask = 2147483647;
			files = (
				E4D5E1E92BF23A2900EBA3D9 /* NewsAPIRepositoryTests.swift in Sources */,
			);
			runOnlyForDeploymentPostprocessing = 0;
		};
/* End PBXSourcesBuildPhase section */

/* Begin PBXTargetDependency section */
		E4D5E1E62BF23A2900EBA3D9 /* PBXTargetDependency */ = {
			isa = PBXTargetDependency;
			target = E4D5E1CD2BF23A2800EBA3D9 /* NewsApp */;
			targetProxy = E4D5E1E52BF23A2900EBA3D9 /* PBXContainerItemProxy */;
		};
/* End PBXTargetDependency section */

/* Begin PBXVariantGroup section */
		E4D5E1DC2BF23A2900EBA3D9 /* LaunchScreen.storyboard */ = {
			isa = PBXVariantGroup;
			children = (
				E4D5E1DD2BF23A2900EBA3D9 /* Base */,
			);
			name = LaunchScreen.storyboard;
			sourceTree = "<group>";
		};
/* End PBXVariantGroup section */

/* Begin XCBuildConfiguration section */
		E4D5E1F62BF23A2900EBA3D9 /* Debug */ = {
			isa = XCBuildConfiguration;
			buildSettings = {
				ALWAYS_SEARCH_USER_PATHS = NO;
				CLANG_ANALYZER_NONNULL = YES;
				CLANG_ANALYZER_NUMBER_OBJECT_CONVERSION = YES_AGGRESSIVE;
				CLANG_CXX_LANGUAGE_STANDARD = "gnu++20";
				CLANG_ENABLE_MODULES = YES;
				CLANG_ENABLE_OBJC_ARC = YES;
				CLANG_ENABLE_OBJC_WEAK = YES;
				CLANG_WARN_BLOCK_CAPTURE_AUTORELEASING = YES;
				CLANG_WARN_BOOL_CONVERSION = YES;
				CLANG_WARN_COMMA = YES;
				CLANG_WARN_CONSTANT_CONVERSION = YES;
				CLANG_WARN_DEPRECATED_OBJC_IMPLEMENTATIONS = YES;
				CLANG_WARN_DIRECT_OBJC_ISA_USAGE = YES_ERROR;
				CLANG_WARN_DOCUMENTATION_COMMENTS = YES;
				CLANG_WARN_EMPTY_BODY = YES;
				CLANG_WARN_ENUM_CONVERSION = YES;
				CLANG_WARN_INFINITE_RECURSION = YES;
				CLANG_WARN_INT_CONVERSION = YES;
				CLANG_WARN_NON_LITERAL_NULL_CONVERSION = YES;
				CLANG_WARN_OBJC_IMPLICIT_RETAIN_SELF = YES;
				CLANG_WARN_OBJC_LITERAL_CONVERSION = YES;
				CLANG_WARN_OBJC_ROOT_CLASS = YES_ERROR;
				CLANG_WARN_QUOTED_INCLUDE_IN_FRAMEWORK_HEADER = YES;
				CLANG_WARN_RANGE_LOOP_ANALYSIS = YES;
				CLANG_WARN_STRICT_PROTOTYPES = YES;
				CLANG_WARN_SUSPICIOUS_MOVE = YES;
				CLANG_WARN_UNGUARDED_AVAILABILITY = YES_AGGRESSIVE;
				CLANG_WARN_UNREACHABLE_CODE = YES;
				CLANG_WARN__DUPLICATE_METHOD_MATCH = YES;
				COPY_PHASE_STRIP = NO;
				DEBUG_INFORMATION_FORMAT = dwarf;
				ENABLE_STRICT_OBJC_MSGSEND = YES;
				ENABLE_TESTABILITY = YES;
				GCC_C_LANGUAGE_STANDARD = gnu11;
				GCC_DYNAMIC_NO_PIC = NO;
				GCC_NO_COMMON_BLOCKS = YES;
				GCC_OPTIMIZATION_LEVEL = 0;
				GCC_PREPROCESSOR_DEFINITIONS = (
					"DEBUG=1",
					"$(inherited)",
				);
				GCC_WARN_64_TO_32_BIT_CONVERSION = YES;
				GCC_WARN_ABOUT_RETURN_TYPE = YES_ERROR;
				GCC_WARN_UNDECLARED_SELECTOR = YES;
				GCC_WARN_UNINITIALIZED_AUTOS = YES_AGGRESSIVE;
				GCC_WARN_UNUSED_FUNCTION = YES;
				GCC_WARN_UNUSED_VARIABLE = YES;
				IPHONEOS_DEPLOYMENT_TARGET = 16.4;
				MTL_ENABLE_DEBUG_INFO = INCLUDE_SOURCE;
				MTL_FAST_MATH = YES;
				ONLY_ACTIVE_ARCH = YES;
				SDKROOT = iphoneos;
				SWIFT_ACTIVE_COMPILATION_CONDITIONS = DEBUG;
				SWIFT_OPTIMIZATION_LEVEL = "-Onone";
			};
			name = Debug;
		};
		E4D5E1F72BF23A2900EBA3D9 /* Release */ = {
			isa = XCBuildConfiguration;
			buildSettings = {
				ALWAYS_SEARCH_USER_PATHS = NO;
				CLANG_ANALYZER_NONNULL = YES;
				CLANG_ANALYZER_NUMBER_OBJECT_CONVERSION = YES_AGGRESSIVE;
				CLANG_CXX_LANGUAGE_STANDARD = "gnu++20";
				CLANG_ENABLE_MODULES = YES;
				CLANG_ENABLE_OBJC_ARC = YES;
				CLANG_ENABLE_OBJC_WEAK = YES;
				CLANG_WARN_BLOCK_CAPTURE_AUTORELEASING = YES;
				CLANG_WARN_BOOL_CONVERSION = YES;
				CLANG_WARN_COMMA = YES;
				CLANG_WARN_CONSTANT_CONVERSION = YES;
				CLANG_WARN_DEPRECATED_OBJC_IMPLEMENTATIONS = YES;
				CLANG_WARN_DIRECT_OBJC_ISA_USAGE = YES_ERROR;
				CLANG_WARN_DOCUMENTATION_COMMENTS = YES;
				CLANG_WARN_EMPTY_BODY = YES;
				CLANG_WARN_ENUM_CONVERSION = YES;
				CLANG_WARN_INFINITE_RECURSION = YES;
				CLANG_WARN_INT_CONVERSION = YES;
				CLANG_WARN_NON_LITERAL_NULL_CONVERSION = YES;
				CLANG_WARN_OBJC_IMPLICIT_RETAIN_SELF = YES;
				CLANG_WARN_OBJC_LITERAL_CONVERSION = YES;
				CLANG_WARN_OBJC_ROOT_CLASS = YES_ERROR;
				CLANG_WARN_QUOTED_INCLUDE_IN_FRAMEWORK_HEADER = YES;
				CLANG_WARN_RANGE_LOOP_ANALYSIS = YES;
				CLANG_WARN_STRICT_PROTOTYPES = YES;
				CLANG_WARN_SUSPICIOUS_MOVE = YES;
				CLANG_WARN_UNGUARDED_AVAILABILITY = YES_AGGRESSIVE;
				CLANG_WARN_UNREACHABLE_CODE = YES;
				CLANG_WARN__DUPLICATE_METHOD_MATCH = YES;
				COPY_PHASE_STRIP = NO;
				DEBUG_INFORMATION_FORMAT = "dwarf-with-dsym";
				ENABLE_NS_ASSERTIONS = NO;
				ENABLE_STRICT_OBJC_MSGSEND = YES;
				GCC_C_LANGUAGE_STANDARD = gnu11;
				GCC_NO_COMMON_BLOCKS = YES;
				GCC_WARN_64_TO_32_BIT_CONVERSION = YES;
				GCC_WARN_ABOUT_RETURN_TYPE = YES_ERROR;
				GCC_WARN_UNDECLARED_SELECTOR = YES;
				GCC_WARN_UNINITIALIZED_AUTOS = YES_AGGRESSIVE;
				GCC_WARN_UNUSED_FUNCTION = YES;
				GCC_WARN_UNUSED_VARIABLE = YES;
				IPHONEOS_DEPLOYMENT_TARGET = 16.4;
				MTL_ENABLE_DEBUG_INFO = NO;
				MTL_FAST_MATH = YES;
				SDKROOT = iphoneos;
				SWIFT_COMPILATION_MODE = wholemodule;
				SWIFT_OPTIMIZATION_LEVEL = "-O";
				VALIDATE_PRODUCT = YES;
			};
			name = Release;
		};
		E4D5E1F92BF23A2900EBA3D9 /* Debug */ = {
			isa = XCBuildConfiguration;
			buildSettings = {
				ASSETCATALOG_COMPILER_APPICON_NAME = AppIcon;
				ASSETCATALOG_COMPILER_GLOBAL_ACCENT_COLOR_NAME = AccentColor;
				CODE_SIGN_STYLE = Automatic;
				CURRENT_PROJECT_VERSION = 1;
				DEVELOPMENT_TEAM = T9R9UW74ZM;
				GENERATE_INFOPLIST_FILE = YES;
				INFOPLIST_FILE = NewsApp/Info.plist;
				INFOPLIST_KEY_UIApplicationSupportsIndirectInputEvents = YES;
				INFOPLIST_KEY_UILaunchStoryboardName = LaunchScreen;
				INFOPLIST_KEY_UISupportedInterfaceOrientations_iPad = "UIInterfaceOrientationPortrait UIInterfaceOrientationPortraitUpsideDown UIInterfaceOrientationLandscapeLeft UIInterfaceOrientationLandscapeRight";
				INFOPLIST_KEY_UISupportedInterfaceOrientations_iPhone = "UIInterfaceOrientationPortrait UIInterfaceOrientationLandscapeLeft UIInterfaceOrientationLandscapeRight";
				LD_RUNPATH_SEARCH_PATHS = (
					"$(inherited)",
					"@executable_path/Frameworks",
				);
				MARKETING_VERSION = 1.0;
				PRODUCT_BUNDLE_IDENTIFIER = com.theocaldas.NewsApp;
				PRODUCT_NAME = "$(TARGET_NAME)";
				SWIFT_EMIT_LOC_STRINGS = YES;
				SWIFT_VERSION = 5.0;
				TARGETED_DEVICE_FAMILY = "1,2";
			};
			name = Debug;
		};
		E4D5E1FA2BF23A2900EBA3D9 /* Release */ = {
			isa = XCBuildConfiguration;
			buildSettings = {
				ASSETCATALOG_COMPILER_APPICON_NAME = AppIcon;
				ASSETCATALOG_COMPILER_GLOBAL_ACCENT_COLOR_NAME = AccentColor;
				CODE_SIGN_STYLE = Automatic;
				CURRENT_PROJECT_VERSION = 1;
				DEVELOPMENT_TEAM = T9R9UW74ZM;
				GENERATE_INFOPLIST_FILE = YES;
				INFOPLIST_FILE = NewsApp/Info.plist;
				INFOPLIST_KEY_UIApplicationSupportsIndirectInputEvents = YES;
				INFOPLIST_KEY_UILaunchStoryboardName = LaunchScreen;
				INFOPLIST_KEY_UISupportedInterfaceOrientations_iPad = "UIInterfaceOrientationPortrait UIInterfaceOrientationPortraitUpsideDown UIInterfaceOrientationLandscapeLeft UIInterfaceOrientationLandscapeRight";
				INFOPLIST_KEY_UISupportedInterfaceOrientations_iPhone = "UIInterfaceOrientationPortrait UIInterfaceOrientationLandscapeLeft UIInterfaceOrientationLandscapeRight";
				LD_RUNPATH_SEARCH_PATHS = (
					"$(inherited)",
					"@executable_path/Frameworks",
				);
				MARKETING_VERSION = 1.0;
				PRODUCT_BUNDLE_IDENTIFIER = com.theocaldas.NewsApp;
				PRODUCT_NAME = "$(TARGET_NAME)";
				SWIFT_EMIT_LOC_STRINGS = YES;
				SWIFT_VERSION = 5.0;
				TARGETED_DEVICE_FAMILY = "1,2";
			};
			name = Release;
		};
		E4D5E1FC2BF23A2900EBA3D9 /* Debug */ = {
			isa = XCBuildConfiguration;
			buildSettings = {
				ALWAYS_EMBED_SWIFT_STANDARD_LIBRARIES = YES;
				BUNDLE_LOADER = "$(TEST_HOST)";
				CODE_SIGN_STYLE = Automatic;
				CURRENT_PROJECT_VERSION = 1;
				DEVELOPMENT_TEAM = T9R9UW74ZM;
				GENERATE_INFOPLIST_FILE = YES;
				IPHONEOS_DEPLOYMENT_TARGET = 16.4;
				MARKETING_VERSION = 1.0;
				PRODUCT_BUNDLE_IDENTIFIER = com.theocaldas.NewsAppTests;
				PRODUCT_NAME = "$(TARGET_NAME)";
				SWIFT_EMIT_LOC_STRINGS = NO;
				SWIFT_VERSION = 5.0;
				TARGETED_DEVICE_FAMILY = "1,2";
				TEST_HOST = "$(BUILT_PRODUCTS_DIR)/NewsApp.app/$(BUNDLE_EXECUTABLE_FOLDER_PATH)/NewsApp";
			};
			name = Debug;
		};
		E4D5E1FD2BF23A2900EBA3D9 /* Release */ = {
			isa = XCBuildConfiguration;
			buildSettings = {
				ALWAYS_EMBED_SWIFT_STANDARD_LIBRARIES = YES;
				BUNDLE_LOADER = "$(TEST_HOST)";
				CODE_SIGN_STYLE = Automatic;
				CURRENT_PROJECT_VERSION = 1;
				DEVELOPMENT_TEAM = T9R9UW74ZM;
				GENERATE_INFOPLIST_FILE = YES;
				IPHONEOS_DEPLOYMENT_TARGET = 16.4;
				MARKETING_VERSION = 1.0;
				PRODUCT_BUNDLE_IDENTIFIER = com.theocaldas.NewsAppTests;
				PRODUCT_NAME = "$(TARGET_NAME)";
				SWIFT_EMIT_LOC_STRINGS = NO;
				SWIFT_VERSION = 5.0;
				TARGETED_DEVICE_FAMILY = "1,2";
				TEST_HOST = "$(BUILT_PRODUCTS_DIR)/NewsApp.app/$(BUNDLE_EXECUTABLE_FOLDER_PATH)/NewsApp";
			};
			name = Release;
		};
/* End XCBuildConfiguration section */

/* Begin XCConfigurationList section */
		E4D5E1C92BF23A2800EBA3D9 /* Build configuration list for PBXProject "NewsApp" */ = {
			isa = XCConfigurationList;
			buildConfigurations = (
				E4D5E1F62BF23A2900EBA3D9 /* Debug */,
				E4D5E1F72BF23A2900EBA3D9 /* Release */,
			);
			defaultConfigurationIsVisible = 0;
			defaultConfigurationName = Release;
		};
		E4D5E1F82BF23A2900EBA3D9 /* Build configuration list for PBXNativeTarget "NewsApp" */ = {
			isa = XCConfigurationList;
			buildConfigurations = (
				E4D5E1F92BF23A2900EBA3D9 /* Debug */,
				E4D5E1FA2BF23A2900EBA3D9 /* Release */,
			);
			defaultConfigurationIsVisible = 0;
			defaultConfigurationName = Release;
		};
		E4D5E1FB2BF23A2900EBA3D9 /* Build configuration list for PBXNativeTarget "NewsAppTests" */ = {
			isa = XCConfigurationList;
			buildConfigurations = (
				E4D5E1FC2BF23A2900EBA3D9 /* Debug */,
				E4D5E1FD2BF23A2900EBA3D9 /* Release */,
			);
			defaultConfigurationIsVisible = 0;
			defaultConfigurationName = Release;
		};
/* End XCConfigurationList section */
	};
	rootObject = E4D5E1C62BF23A2800EBA3D9 /* Project object */;
}
